
Microsoft Visual Studio Solution File, Format Version 12.00
# Visual Studio 15
Project("{FAE04EC0-301F-11D3-BF4B-00C04F79EFBC}") = "Meta.WitAi.Conduit", "Meta.WitAi.Conduit.csproj", "{DFB93103-764E-ABA0-DEC3-9EDD36416075}"
EndProject
Project("{FAE04EC0-301F-11D3-BF4B-00C04F79EFBC}") = "Oculus.VR", "Oculus.VR.csproj", "{112A8093-A5B0-2855-E9CC-0EEAEFEDDEB1}"
EndProject
Project("{FAE04EC0-301F-11D3-BF4B-00C04F79EFBC}") = "Oculus.Interaction", "Oculus.Interaction.csproj", "{185FAB8B-0F94-EC41-E150-25A6846D36F2}"
EndProject
Project("{FAE04EC0-301F-11D3-BF4B-00C04F79EFBC}") = "Oculus.Interaction.Editor", "Oculus.Interaction.Editor.csproj", "{0A94C0CD-E002-92F1-3EC8-797C412D416D}"
EndProject
Project("{FAE04EC0-301F-11D3-BF4B-00C04F79EFBC}") = "Assembly-CSharp-Editor", "Assembly-CSharp-Editor.csproj", "{7591E8E9-C4D4-2DBE-11A3-B691E75D8412}"
EndProject
Project("{FAE04EC0-301F-11D3-BF4B-00C04F79EFBC}") = "Oculus.Platform", "Oculus.Platform.csproj", "{C48AD055-C543-837A-8DF0-B1FDFA2B3484}"
EndProject
Project("{FAE04EC0-301F-11D3-BF4B-00C04F79EFBC}") = "VoiceSDK.Telemetry", "VoiceSDK.Telemetry.csproj", "{D5D6C98A-2287-F76A-298E-D7FB3799DA37}"
EndProject
Project("{FAE04EC0-301F-11D3-BF4B-00C04F79EFBC}") = "Assembly-CSharp", "Assembly-CSharp.csproj", "{71ED0846-0A2A-4E4F-0387-B378FE26433E}"
EndProject
Project("{FAE04EC0-301F-11D3-BF4B-00C04F79EFBC}") = "Oculus.Interaction.OVR.Samples", "Oculus.Interaction.OVR.Samples.csproj", "{5150FE13-BAC3-F8E6-BDD0-5762A3F511DC}"
EndProject
Project("{FAE04EC0-301F-11D3-BF4B-00C04F79EFBC}") = "Meta.WitAi.Lib", "Meta.WitAi.Lib.csproj", "{BBB18815-D0A0-C0D7-FF65-0D9535A08182}"
EndProject
Project("{FAE04EC0-301F-11D3-BF4B-00C04F79EFBC}") = "Meta.WitAi.Editor", "Meta.WitAi.Editor.csproj", "{2A9884F5-41AA-14DB-9C45-376DC1792D79}"
EndProject
Project("{FAE04EC0-301F-11D3-BF4B-00C04F79EFBC}") = "Meta.WitAi.Conduit.Editor", "Meta.WitAi.Conduit.Editor.csproj", "{C95F3156-F8DA-1AB0-8E30-24DD71288B5A}"
EndProject
Project("{FAE04EC0-301F-11D3-BF4B-00C04F79EFBC}") = "Meta.WitAi", "Meta.WitAi.csproj", "{D41F3D6F-B952-C65D-DB0D-AFA639E69576}"
EndProject
Project("{FAE04EC0-301F-11D3-BF4B-00C04F79EFBC}") = "Oculus.VR.Editor", "Oculus.VR.Editor.csproj", "{32C6C43B-D9F4-D734-5EEB-E30B52B8D7E9}"
EndProject
Project("{FAE04EC0-301F-11D3-BF4B-00C04F79EFBC}") = "Oculus.Interaction.OVR.Editor", "Oculus.Interaction.OVR.Editor.csproj", "{E898FD2F-9FA2-1569-83D4-236090A81277}"
EndProject
Project("{FAE04EC0-301F-11D3-BF4B-00C04F79EFBC}") = "Oculus.LipSync", "Oculus.LipSync.csproj", "{1C2E5D32-D5D3-625B-13E1-5294A2CFEA51}"
EndProject
Project("{FAE04EC0-301F-11D3-BF4B-00C04F79EFBC}") = "Oculus.Interaction.OVR", "Oculus.Interaction.OVR.csproj", "{874256FE-3989-6835-ABF3-A834CC60522C}"
EndProject
Project("{FAE04EC0-301F-11D3-BF4B-00C04F79EFBC}") = "VoiceSDK.Editor", "VoiceSDK.Editor.csproj", "{5C0A751A-8B9A-DEF2-68D7-B13DA1D4ADAA}"
EndProject
Project("{FAE04EC0-301F-11D3-BF4B-00C04F79EFBC}") = "Meta.WitAI.Lib.Editor", "Meta.WitAI.Lib.Editor.csproj", "{F19A8F55-3D16-FD8D-9E91-15B492CC05E6}"
EndProject
Project("{FAE04EC0-301F-11D3-BF4B-00C04F79EFBC}") = "Oculus.AudioManager", "Oculus.AudioManager.csproj", "{D1B9C984-E14E-FE2E-A389-53F54E7D288B}"
EndProject
Project("{FAE04EC0-301F-11D3-BF4B-00C04F79EFBC}") = "Meta.Voice.Samples.BuiltInTimer", "Meta.Voice.Samples.BuiltInTimer.csproj", "{CE81E57D-3C53-14E9-9613-CCA99F7D2F3A}"
EndProject
Project("{FAE04EC0-301F-11D3-BF4B-00C04F79EFBC}") = "Meta.XR.BuildingBlocks.Editor", "Meta.XR.BuildingBlocks.Editor.csproj", "{1F1E6972-0AA9-71B1-5ADB-09DAFFEE7B8D}"
EndProject
Project("{FAE04EC0-301F-11D3-BF4B-00C04F79EFBC}") = "Meta.Voice.VSDKHub.Editor", "Meta.Voice.VSDKHub.Editor.csproj", "{B5672175-B6A6-31D6-68D2-6B71DC94FCA1}"
EndProject
Project("{FAE04EC0-301F-11D3-BF4B-00C04F79EFBC}") = "VoiceSDK.Dictation.Runtime", "VoiceSDK.Dictation.Runtime.csproj", "{CC5E070D-DE73-1A6A-0D21-C23ACDDE78D8}"
EndProject
Project("{FAE04EC0-301F-11D3-BF4B-00C04F79EFBC}") = "Assembly-CSharp-firstpass", "Assembly-CSharp-firstpass.csproj", "{9EE8D782-D2AD-0DC5-CFD1-624FFACD412D}"
EndProject
Project("{FAE04EC0-301F-11D3-BF4B-00C04F79EFBC}") = "Meta.WitAi.TTS", "Meta.WitAi.TTS.csproj", "{E43C0C42-29CD-D15D-E2E6-EE364D44351C}"
EndProject
Project("{FAE04EC0-301F-11D3-BF4B-00C04F79EFBC}") = "AssistantCoreSDKRuntime", "AssistantCoreSDKRuntime.csproj", "{5AA8C0DE-3C63-4378-F1CD-F06A54A343D7}"
EndProject
Project("{FAE04EC0-301F-11D3-BF4B-00C04F79EFBC}") = "Meta.Voice.Samples.TTSVoices", "Meta.Voice.Samples.TTSVoices.csproj", "{9E023864-EF94-7E4B-6B45-C2363542E8B6}"
EndProject
Project("{FAE04EC0-301F-11D3-BF4B-00C04F79EFBC}") = "VoiceSDK.Runtime", "VoiceSDK.Runtime.csproj", "{EE910421-9C79-E5BC-377F-29066993C340}"
EndProject
Project("{FAE04EC0-301F-11D3-BF4B-00C04F79EFBC}") = "Oculus.VR.Scripts.Editor", "Oculus.VR.Scripts.Editor.csproj", "{7A34E7C0-AE6B-07B3-2406-BDECE012F557}"
EndProject
Project("{FAE04EC0-301F-11D3-BF4B-00C04F79EFBC}") = "Meta.Voice.Samples.LightTraits", "Meta.Voice.Samples.LightTraits.csproj", "{660D0887-E3D5-F9EF-5910-26E69AEB7326}"
EndProject
Project("{FAE04EC0-301F-11D3-BF4B-00C04F79EFBC}") = "Meta.Voice.Hub.Editor", "Meta.Voice.Hub.Editor.csproj", "{2982818C-6C92-3747-AAEF-5408487AE2B9}"
EndProject
Project("{FAE04EC0-301F-11D3-BF4B-00C04F79EFBC}") = "Oculus.Interaction.Samples.Editor", "Oculus.Interaction.Samples.Editor.csproj", "{DCEF4DF9-1F0E-6211-E342-21D31D39B2B1}"
EndProject
Project("{FAE04EC0-301F-11D3-BF4B-00C04F79EFBC}") = "Meta.WitAi.TTS.Editor", "Meta.WitAi.TTS.Editor.csproj", "{6DF836DB-423F-83E9-7B1E-F789DCC6561E}"
EndProject
Project("{FAE04EC0-301F-11D3-BF4B-00C04F79EFBC}") = "Meta.XR.BuildingBlocks", "Meta.XR.BuildingBlocks.csproj", "{7493F5A3-6B4A-338B-EA11-4969DF85397E}"
EndProject
Project("{FAE04EC0-301F-11D3-BF4B-00C04F79EFBC}") = "Oculus.Platform.Editor", "Oculus.Platform.Editor.csproj", "{D397EE00-7C5A-EB70-420C-55C16BC77DB7}"
EndProject
Project("{FAE04EC0-301F-11D3-BF4B-00C04F79EFBC}") = "Facebook.Wit.Dictation", "Facebook.Wit.Dictation.csproj", "{3C9FCFA5-82FC-954E-A9E6-9822A1E9F4B4}"
EndProject
Project("{FAE04EC0-301F-11D3-BF4B-00C04F79EFBC}") = "Oculus.Spatializer.Editor", "Oculus.Spatializer.Editor.csproj", "{E7247550-F305-A99D-3E44-363C23E1550C}"
EndProject
Project("{FAE04EC0-301F-11D3-BF4B-00C04F79EFBC}") = "Oculus.LipSync.Editor", "Oculus.LipSync.Editor.csproj", "{5A8D6EDA-8696-EA6E-3F4F-04893012F1D7}"
EndProject
Project("{FAE04EC0-301F-11D3-BF4B-00C04F79EFBC}") = "Oculus.AudioManager.Utils.Editor", "Oculus.AudioManager.Utils.Editor.csproj", "{372E1BB6-4DD7-AA72-7C22-E5C8D96FBDC8}"
EndProject
Project("{FAE04EC0-301F-11D3-BF4B-00C04F79EFBC}") = "Meta.VoiceSDK.Mic.Common", "Meta.VoiceSDK.Mic.Common.csproj", "{68A807F5-3F2D-4D0B-9571-88415CB076D4}"
EndProject
Project("{FAE04EC0-301F-11D3-BF4B-00C04F79EFBC}") = "Meta.Voice.Samples.ShapesConduit", "Meta.Voice.Samples.ShapesConduit.csproj", "{3918A2D2-BD23-84F8-4A26-F27246E39DA0}"
EndProject
Project("{FAE04EC0-301F-11D3-BF4B-00C04F79EFBC}") = "Oculus.Spatializer", "Oculus.Spatializer.csproj", "{7C8C4E8C-7D04-CD4F-9EA5-717AE237FBE5}"
EndProject
Project("{FAE04EC0-301F-11D3-BF4B-00C04F79EFBC}") = "Meta.VoiceSDK.Mic.Other", "Meta.VoiceSDK.Mic.Other.csproj", "{C5AB178F-593A-CBFA-1237-248D23C2544C}"
EndProject
Project("{FAE04EC0-301F-11D3-BF4B-00C04F79EFBC}") = "Oculus.Interaction.InterfaceSupport", "Oculus.Interaction.InterfaceSupport.csproj", "{FD877EEA-86DC-21ED-F6E7-EF042E9B5043}"
EndProject
Project("{FAE04EC0-301F-11D3-BF4B-00C04F79EFBC}") = "Oculus.AudioManager.Audio.Editor", "Oculus.AudioManager.Audio.Editor.csproj", "{FD1E061F-5F63-D5F5-863B-0E9EC08895E1}"
EndProject
Project("{FAE04EC0-301F-11D3-BF4B-00C04F79EFBC}") = "Meta.Voice.Samples.LiveUnderstanding", "Meta.Voice.Samples.LiveUnderstanding.csproj", "{8587B560-C146-50E3-DA48-AA25EF822900}"
EndProject
Project("{FAE04EC0-301F-11D3-BF4B-00C04F79EFBC}") = "VoiceSDK.Dictation.Editor", "VoiceSDK.Dictation.Editor.csproj", "{AF3F122A-D5AB-6FBC-6448-68529702FF4F}"
EndProject
Project("{FAE04EC0-301F-11D3-BF4B-00C04F79EFBC}") = "AssistantCoreSDKEditor", "AssistantCoreSDKEditor.csproj", "{001EC584-87C4-AF68-D5D9-69787931CDF0}"
EndProject
Project("{FAE04EC0-301F-11D3-BF4B-00C04F79EFBC}") = "Meta.VoiceSDK.Mic.WebGL", "Meta.VoiceSDK.Mic.WebGL.csproj", "{A3BF37E4-F957-35E8-15BB-E4E1EA22CFF9}"
EndProject
Project("{FAE04EC0-301F-11D3-BF4B-00C04F79EFBC}") = "Meta.Voice.Hub.Runtime", "Meta.Voice.Hub.Runtime.csproj", "{24BF8F10-61C2-D2E4-C3B0-32B5CD316A59}"
EndProject
Project("{FAE04EC0-301F-11D3-BF4B-00C04F79EFBC}") = "Meta.Voice.Samples.Chess", "Meta.Voice.Samples.Chess.csproj", "{B31BEE98-6631-C945-C4DA-1E77572A0DA9}"
EndProject
Project("{FAE04EC0-301F-11D3-BF4B-00C04F79EFBC}") = "Meta.Voice.Samples.Dictation", "Meta.Voice.Samples.Dictation.csproj", "{990DFCDF-2F83-D1CD-93C4-1C2D61C69070}"
EndProject
Project("{FAE04EC0-301F-11D3-BF4B-00C04F79EFBC}") = "Meta.Voice.Samples.Shapes", "Meta.Voice.Samples.Shapes.csproj", "{E1725D89-FAD4-A614-7B3E-868A46C8B8B0}"
EndProject
Project("{FAE04EC0-301F-11D3-BF4B-00C04F79EFBC}") = "Facebook.Wit.Dictation.Editor", "Facebook.Wit.Dictation.Editor.csproj", "{F404D83D-1BE5-66C4-FA07-9EF8D25E2B2E}"
EndProject
Global
	GlobalSection(SolutionConfigurationPlatforms) = preSolution
		Debug|Any CPU = Debug|Any CPU
		Release|Any CPU = Release|Any CPU
	EndGlobalSection
	GlobalSection(ProjectConfigurationPlatforms) = postSolution
		{DFB93103-764E-ABA0-DEC3-9EDD36416075}.Debug|Any CPU.ActiveCfg = Debug|Any CPU
		{DFB93103-764E-ABA0-DEC3-9EDD36416075}.Debug|Any CPU.Build.0 = Debug|Any CPU
		{DFB93103-764E-ABA0-DEC3-9EDD36416075}.Release|Any CPU.ActiveCfg = Release|Any CPU
		{DFB93103-764E-ABA0-DEC3-9EDD36416075}.Release|Any CPU.Build.0 = Release|Any CPU
		{112A8093-A5B0-2855-E9CC-0EEAEFEDDEB1}.Debug|Any CPU.ActiveCfg = Debug|Any CPU
		{112A8093-A5B0-2855-E9CC-0EEAEFEDDEB1}.Debug|Any CPU.Build.0 = Debug|Any CPU
		{112A8093-A5B0-2855-E9CC-0EEAEFEDDEB1}.Release|Any CPU.ActiveCfg = Release|Any CPU
		{112A8093-A5B0-2855-E9CC-0EEAEFEDDEB1}.Release|Any CPU.Build.0 = Release|Any CPU
		{185FAB8B-0F94-EC41-E150-25A6846D36F2}.Debug|Any CPU.ActiveCfg = Debug|Any CPU
		{185FAB8B-0F94-EC41-E150-25A6846D36F2}.Debug|Any CPU.Build.0 = Debug|Any CPU
		{185FAB8B-0F94-EC41-E150-25A6846D36F2}.Release|Any CPU.ActiveCfg = Release|Any CPU
		{185FAB8B-0F94-EC41-E150-25A6846D36F2}.Release|Any CPU.Build.0 = Release|Any CPU
		{0A94C0CD-E002-92F1-3EC8-797C412D416D}.Debug|Any CPU.ActiveCfg = Debug|Any CPU
		{0A94C0CD-E002-92F1-3EC8-797C412D416D}.Debug|Any CPU.Build.0 = Debug|Any CPU
		{0A94C0CD-E002-92F1-3EC8-797C412D416D}.Release|Any CPU.ActiveCfg = Release|Any CPU
		{0A94C0CD-E002-92F1-3EC8-797C412D416D}.Release|Any CPU.Build.0 = Release|Any CPU
		{7591E8E9-C4D4-2DBE-11A3-B691E75D8412}.Debug|Any CPU.ActiveCfg = Debug|Any CPU
		{7591E8E9-C4D4-2DBE-11A3-B691E75D8412}.Debug|Any CPU.Build.0 = Debug|Any CPU
		{7591E8E9-C4D4-2DBE-11A3-B691E75D8412}.Release|Any CPU.ActiveCfg = Release|Any CPU
		{7591E8E9-C4D4-2DBE-11A3-B691E75D8412}.Release|Any CPU.Build.0 = Release|Any CPU
		{C48AD055-C543-837A-8DF0-B1FDFA2B3484}.Debug|Any CPU.ActiveCfg = Debug|Any CPU
		{C48AD055-C543-837A-8DF0-B1FDFA2B3484}.Debug|Any CPU.Build.0 = Debug|Any CPU
		{C48AD055-C543-837A-8DF0-B1FDFA2B3484}.Release|Any CPU.ActiveCfg = Release|Any CPU
		{C48AD055-C543-837A-8DF0-B1FDFA2B3484}.Release|Any CPU.Build.0 = Release|Any CPU
		{D5D6C98A-2287-F76A-298E-D7FB3799DA37}.Debug|Any CPU.ActiveCfg = Debug|Any CPU
		{D5D6C98A-2287-F76A-298E-D7FB3799DA37}.Debug|Any CPU.Build.0 = Debug|Any CPU
		{D5D6C98A-2287-F76A-298E-D7FB3799DA37}.Release|Any CPU.ActiveCfg = Release|Any CPU
		{D5D6C98A-2287-F76A-298E-D7FB3799DA37}.Release|Any CPU.Build.0 = Release|Any CPU
		{71ED0846-0A2A-4E4F-0387-B378FE26433E}.Debug|Any CPU.ActiveCfg = Debug|Any CPU
		{71ED0846-0A2A-4E4F-0387-B378FE26433E}.Debug|Any CPU.Build.0 = Debug|Any CPU
		{71ED0846-0A2A-4E4F-0387-B378FE26433E}.Release|Any CPU.ActiveCfg = Release|Any CPU
		{71ED0846-0A2A-4E4F-0387-B378FE26433E}.Release|Any CPU.Build.0 = Release|Any CPU
		{5150FE13-BAC3-F8E6-BDD0-5762A3F511DC}.Debug|Any CPU.ActiveCfg = Debug|Any CPU
		{5150FE13-BAC3-F8E6-BDD0-5762A3F511DC}.Debug|Any CPU.Build.0 = Debug|Any CPU
		{5150FE13-BAC3-F8E6-BDD0-5762A3F511DC}.Release|Any CPU.ActiveCfg = Release|Any CPU
		{5150FE13-BAC3-F8E6-BDD0-5762A3F511DC}.Release|Any CPU.Build.0 = Release|Any CPU
		{BBB18815-D0A0-C0D7-FF65-0D9535A08182}.Debug|Any CPU.ActiveCfg = Debug|Any CPU
		{BBB18815-D0A0-C0D7-FF65-0D9535A08182}.Debug|Any CPU.Build.0 = Debug|Any CPU
		{BBB18815-D0A0-C0D7-FF65-0D9535A08182}.Release|Any CPU.ActiveCfg = Release|Any CPU
		{BBB18815-D0A0-C0D7-FF65-0D9535A08182}.Release|Any CPU.Build.0 = Release|Any CPU
		{2A9884F5-41AA-14DB-9C45-376DC1792D79}.Debug|Any CPU.ActiveCfg = Debug|Any CPU
		{2A9884F5-41AA-14DB-9C45-376DC1792D79}.Debug|Any CPU.Build.0 = Debug|Any CPU
		{2A9884F5-41AA-14DB-9C45-376DC1792D79}.Release|Any CPU.ActiveCfg = Release|Any CPU
		{2A9884F5-41AA-14DB-9C45-376DC1792D79}.Release|Any CPU.Build.0 = Release|Any CPU
		{C95F3156-F8DA-1AB0-8E30-24DD71288B5A}.Debug|Any CPU.ActiveCfg = Debug|Any CPU
		{C95F3156-F8DA-1AB0-8E30-24DD71288B5A}.Debug|Any CPU.Build.0 = Debug|Any CPU
		{C95F3156-F8DA-1AB0-8E30-24DD71288B5A}.Release|Any CPU.ActiveCfg = Release|Any CPU
		{C95F3156-F8DA-1AB0-8E30-24DD71288B5A}.Release|Any CPU.Build.0 = Release|Any CPU
		{D41F3D6F-B952-C65D-DB0D-AFA639E69576}.Debug|Any CPU.ActiveCfg = Debug|Any CPU
		{D41F3D6F-B952-C65D-DB0D-AFA639E69576}.Debug|Any CPU.Build.0 = Debug|Any CPU
		{D41F3D6F-B952-C65D-DB0D-AFA639E69576}.Release|Any CPU.ActiveCfg = Release|Any CPU
		{D41F3D6F-B952-C65D-DB0D-AFA639E69576}.Release|Any CPU.Build.0 = Release|Any CPU
		{32C6C43B-D9F4-D734-5EEB-E30B52B8D7E9}.Debug|Any CPU.ActiveCfg = Debug|Any CPU
		{32C6C43B-D9F4-D734-5EEB-E30B52B8D7E9}.Debug|Any CPU.Build.0 = Debug|Any CPU
		{32C6C43B-D9F4-D734-5EEB-E30B52B8D7E9}.Release|Any CPU.ActiveCfg = Release|Any CPU
		{32C6C43B-D9F4-D734-5EEB-E30B52B8D7E9}.Release|Any CPU.Build.0 = Release|Any CPU
		{E898FD2F-9FA2-1569-83D4-236090A81277}.Debug|Any CPU.ActiveCfg = Debug|Any CPU
		{E898FD2F-9FA2-1569-83D4-236090A81277}.Debug|Any CPU.Build.0 = Debug|Any CPU
		{E898FD2F-9FA2-1569-83D4-236090A81277}.Release|Any CPU.ActiveCfg = Release|Any CPU
		{E898FD2F-9FA2-1569-83D4-236090A81277}.Release|Any CPU.Build.0 = Release|Any CPU
		{1C2E5D32-D5D3-625B-13E1-5294A2CFEA51}.Debug|Any CPU.ActiveCfg = Debug|Any CPU
		{1C2E5D32-D5D3-625B-13E1-5294A2CFEA51}.Debug|Any CPU.Build.0 = Debug|Any CPU
		{1C2E5D32-D5D3-625B-13E1-5294A2CFEA51}.Release|Any CPU.ActiveCfg = Release|Any CPU
		{1C2E5D32-D5D3-625B-13E1-5294A2CFEA51}.Release|Any CPU.Build.0 = Release|Any CPU
		{874256FE-3989-6835-ABF3-A834CC60522C}.Debug|Any CPU.ActiveCfg = Debug|Any CPU
		{874256FE-3989-6835-ABF3-A834CC60522C}.Debug|Any CPU.Build.0 = Debug|Any CPU
		{874256FE-3989-6835-ABF3-A834CC60522C}.Release|Any CPU.ActiveCfg = Release|Any CPU
		{874256FE-3989-6835-ABF3-A834CC60522C}.Release|Any CPU.Build.0 = Release|Any CPU
		{5C0A751A-8B9A-DEF2-68D7-B13DA1D4ADAA}.Debug|Any CPU.ActiveCfg = Debug|Any CPU
		{5C0A751A-8B9A-DEF2-68D7-B13DA1D4ADAA}.Debug|Any CPU.Build.0 = Debug|Any CPU
		{5C0A751A-8B9A-DEF2-68D7-B13DA1D4ADAA}.Release|Any CPU.ActiveCfg = Release|Any CPU
		{5C0A751A-8B9A-DEF2-68D7-B13DA1D4ADAA}.Release|Any CPU.Build.0 = Release|Any CPU
		{F19A8F55-3D16-FD8D-9E91-15B492CC05E6}.Debug|Any CPU.ActiveCfg = Debug|Any CPU
		{F19A8F55-3D16-FD8D-9E91-15B492CC05E6}.Debug|Any CPU.Build.0 = Debug|Any CPU
		{F19A8F55-3D16-FD8D-9E91-15B492CC05E6}.Release|Any CPU.ActiveCfg = Release|Any CPU
		{F19A8F55-3D16-FD8D-9E91-15B492CC05E6}.Release|Any CPU.Build.0 = Release|Any CPU
		{D1B9C984-E14E-FE2E-A389-53F54E7D288B}.Debug|Any CPU.ActiveCfg = Debug|Any CPU
		{D1B9C984-E14E-FE2E-A389-53F54E7D288B}.Debug|Any CPU.Build.0 = Debug|Any CPU
		{D1B9C984-E14E-FE2E-A389-53F54E7D288B}.Release|Any CPU.ActiveCfg = Release|Any CPU
		{D1B9C984-E14E-FE2E-A389-53F54E7D288B}.Release|Any CPU.Build.0 = Release|Any CPU
		{CE81E57D-3C53-14E9-9613-CCA99F7D2F3A}.Debug|Any CPU.ActiveCfg = Debug|Any CPU
		{CE81E57D-3C53-14E9-9613-CCA99F7D2F3A}.Debug|Any CPU.Build.0 = Debug|Any CPU
		{CE81E57D-3C53-14E9-9613-CCA99F7D2F3A}.Release|Any CPU.ActiveCfg = Release|Any CPU
		{CE81E57D-3C53-14E9-9613-CCA99F7D2F3A}.Release|Any CPU.Build.0 = Release|Any CPU
		{1F1E6972-0AA9-71B1-5ADB-09DAFFEE7B8D}.Debug|Any CPU.ActiveCfg = Debug|Any CPU
		{1F1E6972-0AA9-71B1-5ADB-09DAFFEE7B8D}.Debug|Any CPU.Build.0 = Debug|Any CPU
		{1F1E6972-0AA9-71B1-5ADB-09DAFFEE7B8D}.Release|Any CPU.ActiveCfg = Release|Any CPU
		{1F1E6972-0AA9-71B1-5ADB-09DAFFEE7B8D}.Release|Any CPU.Build.0 = Release|Any CPU
		{B5672175-B6A6-31D6-68D2-6B71DC94FCA1}.Debug|Any CPU.ActiveCfg = Debug|Any CPU
		{B5672175-B6A6-31D6-68D2-6B71DC94FCA1}.Debug|Any CPU.Build.0 = Debug|Any CPU
		{B5672175-B6A6-31D6-68D2-6B71DC94FCA1}.Release|Any CPU.ActiveCfg = Release|Any CPU
		{B5672175-B6A6-31D6-68D2-6B71DC94FCA1}.Release|Any CPU.Build.0 = Release|Any CPU
		{CC5E070D-DE73-1A6A-0D21-C23ACDDE78D8}.Debug|Any CPU.ActiveCfg = Debug|Any CPU
		{CC5E070D-DE73-1A6A-0D21-C23ACDDE78D8}.Debug|Any CPU.Build.0 = Debug|Any CPU
		{CC5E070D-DE73-1A6A-0D21-C23ACDDE78D8}.Release|Any CPU.ActiveCfg = Release|Any CPU
		{CC5E070D-DE73-1A6A-0D21-C23ACDDE78D8}.Release|Any CPU.Build.0 = Release|Any CPU
		{9EE8D782-D2AD-0DC5-CFD1-624FFACD412D}.Debug|Any CPU.ActiveCfg = Debug|Any CPU
		{9EE8D782-D2AD-0DC5-CFD1-624FFACD412D}.Debug|Any CPU.Build.0 = Debug|Any CPU
		{9EE8D782-D2AD-0DC5-CFD1-624FFACD412D}.Release|Any CPU.ActiveCfg = Release|Any CPU
		{9EE8D782-D2AD-0DC5-CFD1-624FFACD412D}.Release|Any CPU.Build.0 = Release|Any CPU
		{E43C0C42-29CD-D15D-E2E6-EE364D44351C}.Debug|Any CPU.ActiveCfg = Debug|Any CPU
		{E43C0C42-29CD-D15D-E2E6-EE364D44351C}.Debug|Any CPU.Build.0 = Debug|Any CPU
		{E43C0C42-29CD-D15D-E2E6-EE364D44351C}.Release|Any CPU.ActiveCfg = Release|Any CPU
		{E43C0C42-29CD-D15D-E2E6-EE364D44351C}.Release|Any CPU.Build.0 = Release|Any CPU
		{5AA8C0DE-3C63-4378-F1CD-F06A54A343D7}.Debug|Any CPU.ActiveCfg = Debug|Any CPU
		{5AA8C0DE-3C63-4378-F1CD-F06A54A343D7}.Debug|Any CPU.Build.0 = Debug|Any CPU
		{5AA8C0DE-3C63-4378-F1CD-F06A54A343D7}.Release|Any CPU.ActiveCfg = Release|Any CPU
		{5AA8C0DE-3C63-4378-F1CD-F06A54A343D7}.Release|Any CPU.Build.0 = Release|Any CPU
		{9E023864-EF94-7E4B-6B45-C2363542E8B6}.Debug|Any CPU.ActiveCfg = Debug|Any CPU
		{9E023864-EF94-7E4B-6B45-C2363542E8B6}.Debug|Any CPU.Build.0 = Debug|Any CPU
		{9E023864-EF94-7E4B-6B45-C2363542E8B6}.Release|Any CPU.ActiveCfg = Release|Any CPU
		{9E023864-EF94-7E4B-6B45-C2363542E8B6}.Release|Any CPU.Build.0 = Release|Any CPU
		{EE910421-9C79-E5BC-377F-29066993C340}.Debug|Any CPU.ActiveCfg = Debug|Any CPU
		{EE910421-9C79-E5BC-377F-29066993C340}.Debug|Any CPU.Build.0 = Debug|Any CPU
		{EE910421-9C79-E5BC-377F-29066993C340}.Release|Any CPU.ActiveCfg = Release|Any CPU
		{EE910421-9C79-E5BC-377F-29066993C340}.Release|Any CPU.Build.0 = Release|Any CPU
		{7A34E7C0-AE6B-07B3-2406-BDECE012F557}.Debug|Any CPU.ActiveCfg = Debug|Any CPU
		{7A34E7C0-AE6B-07B3-2406-BDECE012F557}.Debug|Any CPU.Build.0 = Debug|Any CPU
		{7A34E7C0-AE6B-07B3-2406-BDECE012F557}.Release|Any CPU.ActiveCfg = Release|Any CPU
		{7A34E7C0-AE6B-07B3-2406-BDECE012F557}.Release|Any CPU.Build.0 = Release|Any CPU
		{660D0887-E3D5-F9EF-5910-26E69AEB7326}.Debug|Any CPU.ActiveCfg = Debug|Any CPU
		{660D0887-E3D5-F9EF-5910-26E69AEB7326}.Debug|Any CPU.Build.0 = Debug|Any CPU
		{660D0887-E3D5-F9EF-5910-26E69AEB7326}.Release|Any CPU.ActiveCfg = Release|Any CPU
		{660D0887-E3D5-F9EF-5910-26E69AEB7326}.Release|Any CPU.Build.0 = Release|Any CPU
		{2982818C-6C92-3747-AAEF-5408487AE2B9}.Debug|Any CPU.ActiveCfg = Debug|Any CPU
		{2982818C-6C92-3747-AAEF-5408487AE2B9}.Debug|Any CPU.Build.0 = Debug|Any CPU
		{2982818C-6C92-3747-AAEF-5408487AE2B9}.Release|Any CPU.ActiveCfg = Release|Any CPU
		{2982818C-6C92-3747-AAEF-5408487AE2B9}.Release|Any CPU.Build.0 = Release|Any CPU
		{DCEF4DF9-1F0E-6211-E342-21D31D39B2B1}.Debug|Any CPU.ActiveCfg = Debug|Any CPU
		{DCEF4DF9-1F0E-6211-E342-21D31D39B2B1}.Debug|Any CPU.Build.0 = Debug|Any CPU
		{DCEF4DF9-1F0E-6211-E342-21D31D39B2B1}.Release|Any CPU.ActiveCfg = Release|Any CPU
		{DCEF4DF9-1F0E-6211-E342-21D31D39B2B1}.Release|Any CPU.Build.0 = Release|Any CPU
		{6DF836DB-423F-83E9-7B1E-F789DCC6561E}.Debug|Any CPU.ActiveCfg = Debug|Any CPU
		{6DF836DB-423F-83E9-7B1E-F789DCC6561E}.Debug|Any CPU.Build.0 = Debug|Any CPU
		{6DF836DB-423F-83E9-7B1E-F789DCC6561E}.Release|Any CPU.ActiveCfg = Release|Any CPU
		{6DF836DB-423F-83E9-7B1E-F789DCC6561E}.Release|Any CPU.Build.0 = Release|Any CPU
		{7493F5A3-6B4A-338B-EA11-4969DF85397E}.Debug|Any CPU.ActiveCfg = Debug|Any CPU
		{7493F5A3-6B4A-338B-EA11-4969DF85397E}.Debug|Any CPU.Build.0 = Debug|Any CPU
		{7493F5A3-6B4A-338B-EA11-4969DF85397E}.Release|Any CPU.ActiveCfg = Release|Any CPU
		{7493F5A3-6B4A-338B-EA11-4969DF85397E}.Release|Any CPU.Build.0 = Release|Any CPU
		{D397EE00-7C5A-EB70-420C-55C16BC77DB7}.Debug|Any CPU.ActiveCfg = Debug|Any CPU
		{D397EE00-7C5A-EB70-420C-55C16BC77DB7}.Debug|Any CPU.Build.0 = Debug|Any CPU
		{D397EE00-7C5A-EB70-420C-55C16BC77DB7}.Release|Any CPU.ActiveCfg = Release|Any CPU
		{D397EE00-7C5A-EB70-420C-55C16BC77DB7}.Release|Any CPU.Build.0 = Release|Any CPU
		{3C9FCFA5-82FC-954E-A9E6-9822A1E9F4B4}.Debug|Any CPU.ActiveCfg = Debug|Any CPU
		{3C9FCFA5-82FC-954E-A9E6-9822A1E9F4B4}.Debug|Any CPU.Build.0 = Debug|Any CPU
		{3C9FCFA5-82FC-954E-A9E6-9822A1E9F4B4}.Release|Any CPU.ActiveCfg = Release|Any CPU
		{3C9FCFA5-82FC-954E-A9E6-9822A1E9F4B4}.Release|Any CPU.Build.0 = Release|Any CPU
		{E7247550-F305-A99D-3E44-363C23E1550C}.Debug|Any CPU.ActiveCfg = Debug|Any CPU
		{E7247550-F305-A99D-3E44-363C23E1550C}.Debug|Any CPU.Build.0 = Debug|Any CPU
		{E7247550-F305-A99D-3E44-363C23E1550C}.Release|Any CPU.ActiveCfg = Release|Any CPU
		{E7247550-F305-A99D-3E44-363C23E1550C}.Release|Any CPU.Build.0 = Release|Any CPU
		{5A8D6EDA-8696-EA6E-3F4F-04893012F1D7}.Debug|Any CPU.ActiveCfg = Debug|Any CPU
		{5A8D6EDA-8696-EA6E-3F4F-04893012F1D7}.Debug|Any CPU.Build.0 = Debug|Any CPU
		{5A8D6EDA-8696-EA6E-3F4F-04893012F1D7}.Release|Any CPU.ActiveCfg = Release|Any CPU
		{5A8D6EDA-8696-EA6E-3F4F-04893012F1D7}.Release|Any CPU.Build.0 = Release|Any CPU
		{372E1BB6-4DD7-AA72-7C22-E5C8D96FBDC8}.Debug|Any CPU.ActiveCfg = Debug|Any CPU
		{372E1BB6-4DD7-AA72-7C22-E5C8D96FBDC8}.Debug|Any CPU.Build.0 = Debug|Any CPU
		{372E1BB6-4DD7-AA72-7C22-E5C8D96FBDC8}.Release|Any CPU.ActiveCfg = Release|Any CPU
		{372E1BB6-4DD7-AA72-7C22-E5C8D96FBDC8}.Release|Any CPU.Build.0 = Release|Any CPU
		{68A807F5-3F2D-4D0B-9571-88415CB076D4}.Debug|Any CPU.ActiveCfg = Debug|Any CPU
		{68A807F5-3F2D-4D0B-9571-88415CB076D4}.Debug|Any CPU.Build.0 = Debug|Any CPU
		{68A807F5-3F2D-4D0B-9571-88415CB076D4}.Release|Any CPU.ActiveCfg = Release|Any CPU
		{68A807F5-3F2D-4D0B-9571-88415CB076D4}.Release|Any CPU.Build.0 = Release|Any CPU
		{3918A2D2-BD23-84F8-4A26-F27246E39DA0}.Debug|Any CPU.ActiveCfg = Debug|Any CPU
		{3918A2D2-BD23-84F8-4A26-F27246E39DA0}.Debug|Any CPU.Build.0 = Debug|Any CPU
		{3918A2D2-BD23-84F8-4A26-F27246E39DA0}.Release|Any CPU.ActiveCfg = Release|Any CPU
		{3918A2D2-BD23-84F8-4A26-F27246E39DA0}.Release|Any CPU.Build.0 = Release|Any CPU
		{7C8C4E8C-7D04-CD4F-9EA5-717AE237FBE5}.Debug|Any CPU.ActiveCfg = Debug|Any CPU
		{7C8C4E8C-7D04-CD4F-9EA5-717AE237FBE5}.Debug|Any CPU.Build.0 = Debug|Any CPU
		{7C8C4E8C-7D04-CD4F-9EA5-717AE237FBE5}.Release|Any CPU.ActiveCfg = Release|Any CPU
		{7C8C4E8C-7D04-CD4F-9EA5-717AE237FBE5}.Release|Any CPU.Build.0 = Release|Any CPU
		{C5AB178F-593A-CBFA-1237-248D23C2544C}.Debug|Any CPU.ActiveCfg = Debug|Any CPU
		{C5AB178F-593A-CBFA-1237-248D23C2544C}.Debug|Any CPU.Build.0 = Debug|Any CPU
		{C5AB178F-593A-CBFA-1237-248D23C2544C}.Release|Any CPU.ActiveCfg = Release|Any CPU
		{C5AB178F-593A-CBFA-1237-248D23C2544C}.Release|Any CPU.Build.0 = Release|Any CPU
		{FD877EEA-86DC-21ED-F6E7-EF042E9B5043}.Debug|Any CPU.ActiveCfg = Debug|Any CPU
		{FD877EEA-86DC-21ED-F6E7-EF042E9B5043}.Debug|Any CPU.Build.0 = Debug|Any CPU
		{FD877EEA-86DC-21ED-F6E7-EF042E9B5043}.Release|Any CPU.ActiveCfg = Release|Any CPU
		{FD877EEA-86DC-21ED-F6E7-EF042E9B5043}.Release|Any CPU.Build.0 = Release|Any CPU
		{FD1E061F-5F63-D5F5-863B-0E9EC08895E1}.Debug|Any CPU.ActiveCfg = Debug|Any CPU
		{FD1E061F-5F63-D5F5-863B-0E9EC08895E1}.Debug|Any CPU.Build.0 = Debug|Any CPU
		{FD1E061F-5F63-D5F5-863B-0E9EC08895E1}.Release|Any CPU.ActiveCfg = Release|Any CPU
		{FD1E061F-5F63-D5F5-863B-0E9EC08895E1}.Release|Any CPU.Build.0 = Release|Any CPU
		{8587B560-C146-50E3-DA48-AA25EF822900}.Debug|Any CPU.ActiveCfg = Debug|Any CPU
		{8587B560-C146-50E3-DA48-AA25EF822900}.Debug|Any CPU.Build.0 = Debug|Any CPU
		{8587B560-C146-50E3-DA48-AA25EF822900}.Release|Any CPU.ActiveCfg = Release|Any CPU
		{8587B560-C146-50E3-DA48-AA25EF822900}.Release|Any CPU.Build.0 = Release|Any CPU
		{AF3F122A-D5AB-6FBC-6448-68529702FF4F}.Debug|Any CPU.ActiveCfg = Debug|Any CPU
		{AF3F122A-D5AB-6FBC-6448-68529702FF4F}.Debug|Any CPU.Build.0 = Debug|Any CPU
		{AF3F122A-D5AB-6FBC-6448-68529702FF4F}.Release|Any CPU.ActiveCfg = Release|Any CPU
		{AF3F122A-D5AB-6FBC-6448-68529702FF4F}.Release|Any CPU.Build.0 = Release|Any CPU
		{001EC584-87C4-AF68-D5D9-69787931CDF0}.Debug|Any CPU.ActiveCfg = Debug|Any CPU
		{001EC584-87C4-AF68-D5D9-69787931CDF0}.Debug|Any CPU.Build.0 = Debug|Any CPU
		{001EC584-87C4-AF68-D5D9-69787931CDF0}.Release|Any CPU.ActiveCfg = Release|Any CPU
		{001EC584-87C4-AF68-D5D9-69787931CDF0}.Release|Any CPU.Build.0 = Release|Any CPU
		{A3BF37E4-F957-35E8-15BB-E4E1EA22CFF9}.Debug|Any CPU.ActiveCfg = Debug|Any CPU
		{A3BF37E4-F957-35E8-15BB-E4E1EA22CFF9}.Debug|Any CPU.Build.0 = Debug|Any CPU
		{A3BF37E4-F957-35E8-15BB-E4E1EA22CFF9}.Release|Any CPU.ActiveCfg = Release|Any CPU
		{A3BF37E4-F957-35E8-15BB-E4E1EA22CFF9}.Release|Any CPU.Build.0 = Release|Any CPU
		{24BF8F10-61C2-D2E4-C3B0-32B5CD316A59}.Debug|Any CPU.ActiveCfg = Debug|Any CPU
		{24BF8F10-61C2-D2E4-C3B0-32B5CD316A59}.Debug|Any CPU.Build.0 = Debug|Any CPU
		{24BF8F10-61C2-D2E4-C3B0-32B5CD316A59}.Release|Any CPU.ActiveCfg = Release|Any CPU
		{24BF8F10-61C2-D2E4-C3B0-32B5CD316A59}.Release|Any CPU.Build.0 = Release|Any CPU
		{B31BEE98-6631-C945-C4DA-1E77572A0DA9}.Debug|Any CPU.ActiveCfg = Debug|Any CPU
		{B31BEE98-6631-C945-C4DA-1E77572A0DA9}.Debug|Any CPU.Build.0 = Debug|Any CPU
		{B31BEE98-6631-C945-C4DA-1E77572A0DA9}.Release|Any CPU.ActiveCfg = Release|Any CPU
		{B31BEE98-6631-C945-C4DA-1E77572A0DA9}.Release|Any CPU.Build.0 = Release|Any CPU
		{990DFCDF-2F83-D1CD-93C4-1C2D61C69070}.Debug|Any CPU.ActiveCfg = Debug|Any CPU
		{990DFCDF-2F83-D1CD-93C4-1C2D61C69070}.Debug|Any CPU.Build.0 = Debug|Any CPU
		{990DFCDF-2F83-D1CD-93C4-1C2D61C69070}.Release|Any CPU.ActiveCfg = Release|Any CPU
		{990DFCDF-2F83-D1CD-93C4-1C2D61C69070}.Release|Any CPU.Build.0 = Release|Any CPU
		{E1725D89-FAD4-A614-7B3E-868A46C8B8B0}.Debug|Any CPU.ActiveCfg = Debug|Any CPU
		{E1725D89-FAD4-A614-7B3E-868A46C8B8B0}.Debug|Any CPU.Build.0 = Debug|Any CPU
		{E1725D89-FAD4-A614-7B3E-868A46C8B8B0}.Release|Any CPU.ActiveCfg = Release|Any CPU
		{E1725D89-FAD4-A614-7B3E-868A46C8B8B0}.Release|Any CPU.Build.0 = Release|Any CPU
		{F404D83D-1BE5-66C4-FA07-9EF8D25E2B2E}.Debug|Any CPU.ActiveCfg = Debug|Any CPU
		{F404D83D-1BE5-66C4-FA07-9EF8D25E2B2E}.Debug|Any CPU.Build.0 = Debug|Any CPU
		{F404D83D-1BE5-66C4-FA07-9EF8D25E2B2E}.Release|Any CPU.ActiveCfg = Release|Any CPU
		{F404D83D-1BE5-66C4-FA07-9EF8D25E2B2E}.Release|Any CPU.Build.0 = Release|Any CPU
	EndGlobalSection
	GlobalSection(SolutionProperties) = preSolution
		HideSolutionNode = FALSE
	EndGlobalSection
EndGlobal
