
Microsoft Visual Studio Solution File, Format Version 12.00
# Visual Studio 15
Project("{FAE04EC0-301F-11D3-BF4B-00C04F79EFBC}") = "Meta.WitAi.Conduit", "Meta.WitAi.Conduit.csproj", "{640738F6-4383-BC75-31FF-A376BFAE605B}"
EndProject
Project("{FAE04EC0-301F-11D3-BF4B-00C04F79EFBC}") = "Oculus.VR", "Oculus.VR.csproj", "{D3E60123-EC03-7DA6-B144-CF45104466F7}"
EndProject
Project("{FAE04EC0-301F-11D3-BF4B-00C04F79EFBC}") = "Oculus.Interaction", "Oculus.Interaction.csproj", "{60B80541-A032-00D8-BB20-DD09FA9B75F1}"
EndProject
Project("{FAE04EC0-301F-11D3-BF4B-00C04F79EFBC}") = "Oculus.Interaction.Editor", "Oculus.Interaction.Editor.csproj", "{1BB4DC6F-A342-C1A3-EF64-16C6602B2440}"
EndProject
Project("{FAE04EC0-301F-11D3-BF4B-00C04F79EFBC}") = "Assembly-CSharp-Editor", "Assembly-CSharp-Editor.csproj", "{5E2439FD-8052-77EA-DF32-39FA20DE9D5C}"
EndProject
Project("{FAE04EC0-301F-11D3-BF4B-00C04F79EFBC}") = "Oculus.Platform", "Oculus.Platform.csproj", "{B160115C-314B-A4B1-0BFB-45C315D5C799}"
EndProject
Project("{FAE04EC0-301F-11D3-BF4B-00C04F79EFBC}") = "VoiceSDK.Telemetry", "VoiceSDK.Telemetry.csproj", "{BA2456CE-DA93-183B-1906-C2BBBD8A940C}"
EndProject
Project("{FAE04EC0-301F-11D3-BF4B-00C04F79EFBC}") = "Assembly-CSharp", "Assembly-CSharp.csproj", "{4D103360-AC87-3DEF-E61D-B089A736830D}"
EndProject
Project("{FAE04EC0-301F-11D3-BF4B-00C04F79EFBC}") = "Oculus.Interaction.OVR.Samples", "Oculus.Interaction.OVR.Samples.csproj", "{8AFA004D-4533-3B84-CBCE-CE9A959D7089}"
EndProject
Project("{FAE04EC0-301F-11D3-BF4B-00C04F79EFBC}") = "Meta.WitAi.Lib", "Meta.WitAi.Lib.csproj", "{853B059D-B9E8-C916-C82D-725D7AB491A1}"
EndProject
Project("{FAE04EC0-301F-11D3-BF4B-00C04F79EFBC}") = "Meta.WitAi.Editor", "Meta.WitAi.Editor.csproj", "{F35602E4-250F-D7AE-6637-09815A5C7BAA}"
EndProject
Project("{FAE04EC0-301F-11D3-BF4B-00C04F79EFBC}") = "Meta.WitAi.Conduit.Editor", "Meta.WitAi.Conduit.Editor.csproj", "{32291972-E1E2-71BE-ACB1-6BFBD4B05FA1}"
EndProject
Project("{FAE04EC0-301F-11D3-BF4B-00C04F79EFBC}") = "Meta.WitAi", "Meta.WitAi.csproj", "{C50D411A-89D6-CBAF-4FB2-7C2E3C4CF167}"
EndProject
Project("{FAE04EC0-301F-11D3-BF4B-00C04F79EFBC}") = "Oculus.VR.Editor", "Oculus.VR.Editor.csproj", "{64BE9605-B904-4AD1-D508-8FCAD287D16D}"
EndProject
Project("{FAE04EC0-301F-11D3-BF4B-00C04F79EFBC}") = "Oculus.Interaction.OVR.Editor", "Oculus.Interaction.OVR.Editor.csproj", "{E858FD12-5DBC-6974-8CB4-42C1109222C8}"
EndProject
Project("{FAE04EC0-301F-11D3-BF4B-00C04F79EFBC}") = "Oculus.LipSync", "Oculus.LipSync.csproj", "{510A8FD7-4B01-4BF1-0FD3-6FD1CDA068CE}"
EndProject
Project("{FAE04EC0-301F-11D3-BF4B-00C04F79EFBC}") = "Oculus.Interaction.OVR", "Oculus.Interaction.OVR.csproj", "{CFAE7376-0777-8172-99D3-283BF9C3F609}"
EndProject
Project("{FAE04EC0-301F-11D3-BF4B-00C04F79EFBC}") = "VoiceSDK.Editor", "VoiceSDK.Editor.csproj", "{A5607314-8D1A-2713-78E8-FDF840DD19B1}"
EndProject
Project("{FAE04EC0-301F-11D3-BF4B-00C04F79EFBC}") = "Meta.WitAI.Lib.Editor", "Meta.WitAI.Lib.Editor.csproj", "{9D54FF52-71CB-1097-9672-AAEBD2268090}"
EndProject
Project("{FAE04EC0-301F-11D3-BF4B-00C04F79EFBC}") = "Oculus.AudioManager", "Oculus.AudioManager.csproj", "{0EF93A4E-58F0-F5BC-84B0-DF0B63E7C408}"
EndProject
Project("{FAE04EC0-301F-11D3-BF4B-00C04F79EFBC}") = "Meta.Voice.Samples.BuiltInTimer", "Meta.Voice.Samples.BuiltInTimer.csproj", "{A9BB95DF-FEC5-905E-A272-DB227A9CF297}"
EndProject
Project("{FAE04EC0-301F-11D3-BF4B-00C04F79EFBC}") = "Meta.XR.BuildingBlocks.Editor", "Meta.XR.BuildingBlocks.Editor.csproj", "{BD97F910-21E9-F0E4-ECA6-039EB95ED3B5}"
EndProject
Project("{FAE04EC0-301F-11D3-BF4B-00C04F79EFBC}") = "Meta.Voice.VSDKHub.Editor", "Meta.Voice.VSDKHub.Editor.csproj", "{4C87CEBF-9812-39EE-6C12-0C5BB3372F21}"
EndProject
Project("{FAE04EC0-301F-11D3-BF4B-00C04F79EFBC}") = "VoiceSDK.Dictation.Runtime", "VoiceSDK.Dictation.Runtime.csproj", "{5AED8FA2-8CF9-16BD-C07A-7EE4E38D9ACD}"
EndProject
Project("{FAE04EC0-301F-11D3-BF4B-00C04F79EFBC}") = "Assembly-CSharp-firstpass", "Assembly-CSharp-firstpass.csproj", "{C5BA0E5B-D5B7-3A18-2663-116ACA77ECA3}"
EndProject
Project("{FAE04EC0-301F-11D3-BF4B-00C04F79EFBC}") = "Meta.WitAi.TTS", "Meta.WitAi.TTS.csproj", "{95431DBB-9A60-7B74-842D-FBCBB9A18A29}"
EndProject
Project("{FAE04EC0-301F-11D3-BF4B-00C04F79EFBC}") = "AssistantCoreSDKRuntime", "AssistantCoreSDKRuntime.csproj", "{2A471A84-D18E-C5D6-DA8F-629630734DF7}"
EndProject
Project("{FAE04EC0-301F-11D3-BF4B-00C04F79EFBC}") = "Meta.Voice.Samples.TTSVoices", "Meta.Voice.Samples.TTSVoices.csproj", "{4C0E92C4-9164-BDE1-3D42-B7795C617569}"
EndProject
Project("{FAE04EC0-301F-11D3-BF4B-00C04F79EFBC}") = "VoiceSDK.Runtime", "VoiceSDK.Runtime.csproj", "{A67F0128-77A4-A980-F208-87992D7B1DE9}"
EndProject
Project("{FAE04EC0-301F-11D3-BF4B-00C04F79EFBC}") = "Oculus.VR.Scripts.Editor", "Oculus.VR.Scripts.Editor.csproj", "{6F0E65B3-88A1-DEE3-EF9C-ABDEA646ACBA}"
EndProject
Project("{FAE04EC0-301F-11D3-BF4B-00C04F79EFBC}") = "Meta.Voice.Samples.LightTraits", "Meta.Voice.Samples.LightTraits.csproj", "{725CCC45-ED09-B37B-26B7-5ABBE412674B}"
EndProject
Project("{FAE04EC0-301F-11D3-BF4B-00C04F79EFBC}") = "Meta.Voice.Hub.Editor", "Meta.Voice.Hub.Editor.csproj", "{AF6FD9B7-F104-CAC7-92A5-92176A11FD86}"
EndProject
Project("{FAE04EC0-301F-11D3-BF4B-00C04F79EFBC}") = "Oculus.Interaction.Samples.Editor", "Oculus.Interaction.Samples.Editor.csproj", "{F41D2742-F084-9DDB-B860-15E5722AC691}"
EndProject
Project("{FAE04EC0-301F-11D3-BF4B-00C04F79EFBC}") = "Meta.WitAi.TTS.Editor", "Meta.WitAi.TTS.Editor.csproj", "{5E5CC999-CDFD-288B-A8A1-BC40EF4119AF}"
EndProject
Project("{FAE04EC0-301F-11D3-BF4B-00C04F79EFBC}") = "Meta.XR.BuildingBlocks", "Meta.XR.BuildingBlocks.csproj", "{168C7DEB-B9B6-900A-D40D-D23487D083F1}"
EndProject
Project("{FAE04EC0-301F-11D3-BF4B-00C04F79EFBC}") = "Oculus.Platform.Editor", "Oculus.Platform.Editor.csproj", "{DDA2EE4A-5EA5-60BC-A346-8FED920D378B}"
EndProject
Project("{FAE04EC0-301F-11D3-BF4B-00C04F79EFBC}") = "Facebook.Wit.Dictation", "Facebook.Wit.Dictation.csproj", "{86E31100-EFD5-8585-C53E-6C3739739800}"
EndProject
Project("{FAE04EC0-301F-11D3-BF4B-00C04F79EFBC}") = "Oculus.Spatializer.Editor", "Oculus.Spatializer.Editor.csproj", "{509C7653-1A7E-E477-99F0-DA9129290EE7}"
EndProject
Project("{FAE04EC0-301F-11D3-BF4B-00C04F79EFBC}") = "Oculus.LipSync.Editor", "Oculus.LipSync.Editor.csproj", "{569A7095-A248-7FBC-7BE6-8567A8804040}"
EndProject
Project("{FAE04EC0-301F-11D3-BF4B-00C04F79EFBC}") = "Oculus.AudioManager.Utils.Editor", "Oculus.AudioManager.Utils.Editor.csproj", "{7AC90B13-2D5E-7F0A-3EF6-DA16C227B9C5}"
EndProject
Project("{FAE04EC0-301F-11D3-BF4B-00C04F79EFBC}") = "Meta.VoiceSDK.Mic.Common", "Meta.VoiceSDK.Mic.Common.csproj", "{2CD40038-FCD7-1048-177F-F433A1869CA1}"
EndProject
Project("{FAE04EC0-301F-11D3-BF4B-00C04F79EFBC}") = "Meta.Voice.Samples.ShapesConduit", "Meta.Voice.Samples.ShapesConduit.csproj", "{D37956CC-2ADF-1D07-B2AB-085A918BA334}"
EndProject
Project("{FAE04EC0-301F-11D3-BF4B-00C04F79EFBC}") = "Oculus.Spatializer", "Oculus.Spatializer.csproj", "{80000AB3-F62F-8EF5-F83B-803EF033565D}"
EndProject
Project("{FAE04EC0-301F-11D3-BF4B-00C04F79EFBC}") = "Meta.VoiceSDK.Mic.Other", "Meta.VoiceSDK.Mic.Other.csproj", "{BE635050-EF0D-CAEB-F3FD-18EAE5086825}"
EndProject
Project("{FAE04EC0-301F-11D3-BF4B-00C04F79EFBC}") = "Oculus.Interaction.InterfaceSupport", "Oculus.Interaction.InterfaceSupport.csproj", "{284BFD4F-7868-34FD-D963-87A348D5F810}"
EndProject
Project("{FAE04EC0-301F-11D3-BF4B-00C04F79EFBC}") = "Oculus.AudioManager.Audio.Editor", "Oculus.AudioManager.Audio.Editor.csproj", "{037B84F7-0F70-FB9E-2E63-907B258A0EC4}"
EndProject
Project("{FAE04EC0-301F-11D3-BF4B-00C04F79EFBC}") = "Meta.Voice.Samples.LiveUnderstanding", "Meta.Voice.Samples.LiveUnderstanding.csproj", "{4859CB0F-BB1E-EE40-E43C-A60D5650C81B}"
EndProject
Project("{FAE04EC0-301F-11D3-BF4B-00C04F79EFBC}") = "VoiceSDK.Dictation.Editor", "VoiceSDK.Dictation.Editor.csproj", "{77ECC83B-ACDC-D1ED-BE38-B2FBB4C6207F}"
EndProject
Project("{FAE04EC0-301F-11D3-BF4B-00C04F79EFBC}") = "AssistantCoreSDKEditor", "AssistantCoreSDKEditor.csproj", "{6873C058-398A-25C8-0099-85B8D0845909}"
EndProject
Project("{FAE04EC0-301F-11D3-BF4B-00C04F79EFBC}") = "Meta.VoiceSDK.Mic.WebGL", "Meta.VoiceSDK.Mic.WebGL.csproj", "{1F017CCB-2C8D-D04E-6424-C79E6EE292E4}"
EndProject
Project("{FAE04EC0-301F-11D3-BF4B-00C04F79EFBC}") = "Meta.Voice.Hub.Runtime", "Meta.Voice.Hub.Runtime.csproj", "{D7D7CC88-E434-9CF9-4FAC-A440EAA71339}"
EndProject
Project("{FAE04EC0-301F-11D3-BF4B-00C04F79EFBC}") = "Meta.Voice.Samples.Chess", "Meta.Voice.Samples.Chess.csproj", "{7B6570D2-C466-DBD8-AF23-83E536E4D811}"
EndProject
Project("{FAE04EC0-301F-11D3-BF4B-00C04F79EFBC}") = "Meta.Voice.Samples.Dictation", "Meta.Voice.Samples.Dictation.csproj", "{24F2BE06-2A15-3DF5-4D09-44B15B23C83A}"
EndProject
Project("{FAE04EC0-301F-11D3-BF4B-00C04F79EFBC}") = "Meta.Voice.Samples.Shapes", "Meta.Voice.Samples.Shapes.csproj", "{A2EB721B-149E-76B4-5F5F-52988BB870CB}"
EndProject
Project("{FAE04EC0-301F-11D3-BF4B-00C04F79EFBC}") = "Facebook.Wit.Dictation.Editor", "Facebook.Wit.Dictation.Editor.csproj", "{75E90CC9-05A2-1008-80BF-C10ADA919019}"
EndProject
Global
	GlobalSection(SolutionConfigurationPlatforms) = preSolution
		Debug|Any CPU = Debug|Any CPU
		Release|Any CPU = Release|Any CPU
	EndGlobalSection
	GlobalSection(ProjectConfigurationPlatforms) = postSolution
		{640738F6-4383-BC75-31FF-A376BFAE605B}.Debug|Any CPU.ActiveCfg = Debug|Any CPU
		{640738F6-4383-BC75-31FF-A376BFAE605B}.Debug|Any CPU.Build.0 = Debug|Any CPU
		{640738F6-4383-BC75-31FF-A376BFAE605B}.Release|Any CPU.ActiveCfg = Release|Any CPU
		{640738F6-4383-BC75-31FF-A376BFAE605B}.Release|Any CPU.Build.0 = Release|Any CPU
		{D3E60123-EC03-7DA6-B144-CF45104466F7}.Debug|Any CPU.ActiveCfg = Debug|Any CPU
		{D3E60123-EC03-7DA6-B144-CF45104466F7}.Debug|Any CPU.Build.0 = Debug|Any CPU
		{D3E60123-EC03-7DA6-B144-CF45104466F7}.Release|Any CPU.ActiveCfg = Release|Any CPU
		{D3E60123-EC03-7DA6-B144-CF45104466F7}.Release|Any CPU.Build.0 = Release|Any CPU
		{60B80541-A032-00D8-BB20-DD09FA9B75F1}.Debug|Any CPU.ActiveCfg = Debug|Any CPU
		{60B80541-A032-00D8-BB20-DD09FA9B75F1}.Debug|Any CPU.Build.0 = Debug|Any CPU
		{60B80541-A032-00D8-BB20-DD09FA9B75F1}.Release|Any CPU.ActiveCfg = Release|Any CPU
		{60B80541-A032-00D8-BB20-DD09FA9B75F1}.Release|Any CPU.Build.0 = Release|Any CPU
		{1BB4DC6F-A342-C1A3-EF64-16C6602B2440}.Debug|Any CPU.ActiveCfg = Debug|Any CPU
		{1BB4DC6F-A342-C1A3-EF64-16C6602B2440}.Debug|Any CPU.Build.0 = Debug|Any CPU
		{1BB4DC6F-A342-C1A3-EF64-16C6602B2440}.Release|Any CPU.ActiveCfg = Release|Any CPU
		{1BB4DC6F-A342-C1A3-EF64-16C6602B2440}.Release|Any CPU.Build.0 = Release|Any CPU
		{5E2439FD-8052-77EA-DF32-39FA20DE9D5C}.Debug|Any CPU.ActiveCfg = Debug|Any CPU
		{5E2439FD-8052-77EA-DF32-39FA20DE9D5C}.Debug|Any CPU.Build.0 = Debug|Any CPU
		{5E2439FD-8052-77EA-DF32-39FA20DE9D5C}.Release|Any CPU.ActiveCfg = Release|Any CPU
		{5E2439FD-8052-77EA-DF32-39FA20DE9D5C}.Release|Any CPU.Build.0 = Release|Any CPU
		{B160115C-314B-A4B1-0BFB-45C315D5C799}.Debug|Any CPU.ActiveCfg = Debug|Any CPU
		{B160115C-314B-A4B1-0BFB-45C315D5C799}.Debug|Any CPU.Build.0 = Debug|Any CPU
		{B160115C-314B-A4B1-0BFB-45C315D5C799}.Release|Any CPU.ActiveCfg = Release|Any CPU
		{B160115C-314B-A4B1-0BFB-45C315D5C799}.Release|Any CPU.Build.0 = Release|Any CPU
		{BA2456CE-DA93-183B-1906-C2BBBD8A940C}.Debug|Any CPU.ActiveCfg = Debug|Any CPU
		{BA2456CE-DA93-183B-1906-C2BBBD8A940C}.Debug|Any CPU.Build.0 = Debug|Any CPU
		{BA2456CE-DA93-183B-1906-C2BBBD8A940C}.Release|Any CPU.ActiveCfg = Release|Any CPU
		{BA2456CE-DA93-183B-1906-C2BBBD8A940C}.Release|Any CPU.Build.0 = Release|Any CPU
		{4D103360-AC87-3DEF-E61D-B089A736830D}.Debug|Any CPU.ActiveCfg = Debug|Any CPU
		{4D103360-AC87-3DEF-E61D-B089A736830D}.Debug|Any CPU.Build.0 = Debug|Any CPU
		{4D103360-AC87-3DEF-E61D-B089A736830D}.Release|Any CPU.ActiveCfg = Release|Any CPU
		{4D103360-AC87-3DEF-E61D-B089A736830D}.Release|Any CPU.Build.0 = Release|Any CPU
		{8AFA004D-4533-3B84-CBCE-CE9A959D7089}.Debug|Any CPU.ActiveCfg = Debug|Any CPU
		{8AFA004D-4533-3B84-CBCE-CE9A959D7089}.Debug|Any CPU.Build.0 = Debug|Any CPU
		{8AFA004D-4533-3B84-CBCE-CE9A959D7089}.Release|Any CPU.ActiveCfg = Release|Any CPU
		{8AFA004D-4533-3B84-CBCE-CE9A959D7089}.Release|Any CPU.Build.0 = Release|Any CPU
		{853B059D-B9E8-C916-C82D-725D7AB491A1}.Debug|Any CPU.ActiveCfg = Debug|Any CPU
		{853B059D-B9E8-C916-C82D-725D7AB491A1}.Debug|Any CPU.Build.0 = Debug|Any CPU
		{853B059D-B9E8-C916-C82D-725D7AB491A1}.Release|Any CPU.ActiveCfg = Release|Any CPU
		{853B059D-B9E8-C916-C82D-725D7AB491A1}.Release|Any CPU.Build.0 = Release|Any CPU
		{F35602E4-250F-D7AE-6637-09815A5C7BAA}.Debug|Any CPU.ActiveCfg = Debug|Any CPU
		{F35602E4-250F-D7AE-6637-09815A5C7BAA}.Debug|Any CPU.Build.0 = Debug|Any CPU
		{F35602E4-250F-D7AE-6637-09815A5C7BAA}.Release|Any CPU.ActiveCfg = Release|Any CPU
		{F35602E4-250F-D7AE-6637-09815A5C7BAA}.Release|Any CPU.Build.0 = Release|Any CPU
		{32291972-E1E2-71BE-ACB1-6BFBD4B05FA1}.Debug|Any CPU.ActiveCfg = Debug|Any CPU
		{32291972-E1E2-71BE-ACB1-6BFBD4B05FA1}.Debug|Any CPU.Build.0 = Debug|Any CPU
		{32291972-E1E2-71BE-ACB1-6BFBD4B05FA1}.Release|Any CPU.ActiveCfg = Release|Any CPU
		{32291972-E1E2-71BE-ACB1-6BFBD4B05FA1}.Release|Any CPU.Build.0 = Release|Any CPU
		{C50D411A-89D6-CBAF-4FB2-7C2E3C4CF167}.Debug|Any CPU.ActiveCfg = Debug|Any CPU
		{C50D411A-89D6-CBAF-4FB2-7C2E3C4CF167}.Debug|Any CPU.Build.0 = Debug|Any CPU
		{C50D411A-89D6-CBAF-4FB2-7C2E3C4CF167}.Release|Any CPU.ActiveCfg = Release|Any CPU
		{C50D411A-89D6-CBAF-4FB2-7C2E3C4CF167}.Release|Any CPU.Build.0 = Release|Any CPU
		{64BE9605-B904-4AD1-D508-8FCAD287D16D}.Debug|Any CPU.ActiveCfg = Debug|Any CPU
		{64BE9605-B904-4AD1-D508-8FCAD287D16D}.Debug|Any CPU.Build.0 = Debug|Any CPU
		{64BE9605-B904-4AD1-D508-8FCAD287D16D}.Release|Any CPU.ActiveCfg = Release|Any CPU
		{64BE9605-B904-4AD1-D508-8FCAD287D16D}.Release|Any CPU.Build.0 = Release|Any CPU
		{E858FD12-5DBC-6974-8CB4-42C1109222C8}.Debug|Any CPU.ActiveCfg = Debug|Any CPU
		{E858FD12-5DBC-6974-8CB4-42C1109222C8}.Debug|Any CPU.Build.0 = Debug|Any CPU
		{E858FD12-5DBC-6974-8CB4-42C1109222C8}.Release|Any CPU.ActiveCfg = Release|Any CPU
		{E858FD12-5DBC-6974-8CB4-42C1109222C8}.Release|Any CPU.Build.0 = Release|Any CPU
		{510A8FD7-4B01-4BF1-0FD3-6FD1CDA068CE}.Debug|Any CPU.ActiveCfg = Debug|Any CPU
		{510A8FD7-4B01-4BF1-0FD3-6FD1CDA068CE}.Debug|Any CPU.Build.0 = Debug|Any CPU
		{510A8FD7-4B01-4BF1-0FD3-6FD1CDA068CE}.Release|Any CPU.ActiveCfg = Release|Any CPU
		{510A8FD7-4B01-4BF1-0FD3-6FD1CDA068CE}.Release|Any CPU.Build.0 = Release|Any CPU
		{CFAE7376-0777-8172-99D3-283BF9C3F609}.Debug|Any CPU.ActiveCfg = Debug|Any CPU
		{CFAE7376-0777-8172-99D3-283BF9C3F609}.Debug|Any CPU.Build.0 = Debug|Any CPU
		{CFAE7376-0777-8172-99D3-283BF9C3F609}.Release|Any CPU.ActiveCfg = Release|Any CPU
		{CFAE7376-0777-8172-99D3-283BF9C3F609}.Release|Any CPU.Build.0 = Release|Any CPU
		{A5607314-8D1A-2713-78E8-FDF840DD19B1}.Debug|Any CPU.ActiveCfg = Debug|Any CPU
		{A5607314-8D1A-2713-78E8-FDF840DD19B1}.Debug|Any CPU.Build.0 = Debug|Any CPU
		{A5607314-8D1A-2713-78E8-FDF840DD19B1}.Release|Any CPU.ActiveCfg = Release|Any CPU
		{A5607314-8D1A-2713-78E8-FDF840DD19B1}.Release|Any CPU.Build.0 = Release|Any CPU
		{9D54FF52-71CB-1097-9672-AAEBD2268090}.Debug|Any CPU.ActiveCfg = Debug|Any CPU
		{9D54FF52-71CB-1097-9672-AAEBD2268090}.Debug|Any CPU.Build.0 = Debug|Any CPU
		{9D54FF52-71CB-1097-9672-AAEBD2268090}.Release|Any CPU.ActiveCfg = Release|Any CPU
		{9D54FF52-71CB-1097-9672-AAEBD2268090}.Release|Any CPU.Build.0 = Release|Any CPU
		{0EF93A4E-58F0-F5BC-84B0-DF0B63E7C408}.Debug|Any CPU.ActiveCfg = Debug|Any CPU
		{0EF93A4E-58F0-F5BC-84B0-DF0B63E7C408}.Debug|Any CPU.Build.0 = Debug|Any CPU
		{0EF93A4E-58F0-F5BC-84B0-DF0B63E7C408}.Release|Any CPU.ActiveCfg = Release|Any CPU
		{0EF93A4E-58F0-F5BC-84B0-DF0B63E7C408}.Release|Any CPU.Build.0 = Release|Any CPU
		{A9BB95DF-FEC5-905E-A272-DB227A9CF297}.Debug|Any CPU.ActiveCfg = Debug|Any CPU
		{A9BB95DF-FEC5-905E-A272-DB227A9CF297}.Debug|Any CPU.Build.0 = Debug|Any CPU
		{A9BB95DF-FEC5-905E-A272-DB227A9CF297}.Release|Any CPU.ActiveCfg = Release|Any CPU
		{A9BB95DF-FEC5-905E-A272-DB227A9CF297}.Release|Any CPU.Build.0 = Release|Any CPU
		{BD97F910-21E9-F0E4-ECA6-039EB95ED3B5}.Debug|Any CPU.ActiveCfg = Debug|Any CPU
		{BD97F910-21E9-F0E4-ECA6-039EB95ED3B5}.Debug|Any CPU.Build.0 = Debug|Any CPU
		{BD97F910-21E9-F0E4-ECA6-039EB95ED3B5}.Release|Any CPU.ActiveCfg = Release|Any CPU
		{BD97F910-21E9-F0E4-ECA6-039EB95ED3B5}.Release|Any CPU.Build.0 = Release|Any CPU
		{4C87CEBF-9812-39EE-6C12-0C5BB3372F21}.Debug|Any CPU.ActiveCfg = Debug|Any CPU
		{4C87CEBF-9812-39EE-6C12-0C5BB3372F21}.Debug|Any CPU.Build.0 = Debug|Any CPU
		{4C87CEBF-9812-39EE-6C12-0C5BB3372F21}.Release|Any CPU.ActiveCfg = Release|Any CPU
		{4C87CEBF-9812-39EE-6C12-0C5BB3372F21}.Release|Any CPU.Build.0 = Release|Any CPU
		{5AED8FA2-8CF9-16BD-C07A-7EE4E38D9ACD}.Debug|Any CPU.ActiveCfg = Debug|Any CPU
		{5AED8FA2-8CF9-16BD-C07A-7EE4E38D9ACD}.Debug|Any CPU.Build.0 = Debug|Any CPU
		{5AED8FA2-8CF9-16BD-C07A-7EE4E38D9ACD}.Release|Any CPU.ActiveCfg = Release|Any CPU
		{5AED8FA2-8CF9-16BD-C07A-7EE4E38D9ACD}.Release|Any CPU.Build.0 = Release|Any CPU
		{C5BA0E5B-D5B7-3A18-2663-116ACA77ECA3}.Debug|Any CPU.ActiveCfg = Debug|Any CPU
		{C5BA0E5B-D5B7-3A18-2663-116ACA77ECA3}.Debug|Any CPU.Build.0 = Debug|Any CPU
		{C5BA0E5B-D5B7-3A18-2663-116ACA77ECA3}.Release|Any CPU.ActiveCfg = Release|Any CPU
		{C5BA0E5B-D5B7-3A18-2663-116ACA77ECA3}.Release|Any CPU.Build.0 = Release|Any CPU
		{95431DBB-9A60-7B74-842D-FBCBB9A18A29}.Debug|Any CPU.ActiveCfg = Debug|Any CPU
		{95431DBB-9A60-7B74-842D-FBCBB9A18A29}.Debug|Any CPU.Build.0 = Debug|Any CPU
		{95431DBB-9A60-7B74-842D-FBCBB9A18A29}.Release|Any CPU.ActiveCfg = Release|Any CPU
		{95431DBB-9A60-7B74-842D-FBCBB9A18A29}.Release|Any CPU.Build.0 = Release|Any CPU
		{2A471A84-D18E-C5D6-DA8F-629630734DF7}.Debug|Any CPU.ActiveCfg = Debug|Any CPU
		{2A471A84-D18E-C5D6-DA8F-629630734DF7}.Debug|Any CPU.Build.0 = Debug|Any CPU
		{2A471A84-D18E-C5D6-DA8F-629630734DF7}.Release|Any CPU.ActiveCfg = Release|Any CPU
		{2A471A84-D18E-C5D6-DA8F-629630734DF7}.Release|Any CPU.Build.0 = Release|Any CPU
		{4C0E92C4-9164-BDE1-3D42-B7795C617569}.Debug|Any CPU.ActiveCfg = Debug|Any CPU
		{4C0E92C4-9164-BDE1-3D42-B7795C617569}.Debug|Any CPU.Build.0 = Debug|Any CPU
		{4C0E92C4-9164-BDE1-3D42-B7795C617569}.Release|Any CPU.ActiveCfg = Release|Any CPU
		{4C0E92C4-9164-BDE1-3D42-B7795C617569}.Release|Any CPU.Build.0 = Release|Any CPU
		{A67F0128-77A4-A980-F208-87992D7B1DE9}.Debug|Any CPU.ActiveCfg = Debug|Any CPU
		{A67F0128-77A4-A980-F208-87992D7B1DE9}.Debug|Any CPU.Build.0 = Debug|Any CPU
		{A67F0128-77A4-A980-F208-87992D7B1DE9}.Release|Any CPU.ActiveCfg = Release|Any CPU
		{A67F0128-77A4-A980-F208-87992D7B1DE9}.Release|Any CPU.Build.0 = Release|Any CPU
		{6F0E65B3-88A1-DEE3-EF9C-ABDEA646ACBA}.Debug|Any CPU.ActiveCfg = Debug|Any CPU
		{6F0E65B3-88A1-DEE3-EF9C-ABDEA646ACBA}.Debug|Any CPU.Build.0 = Debug|Any CPU
		{6F0E65B3-88A1-DEE3-EF9C-ABDEA646ACBA}.Release|Any CPU.ActiveCfg = Release|Any CPU
		{6F0E65B3-88A1-DEE3-EF9C-ABDEA646ACBA}.Release|Any CPU.Build.0 = Release|Any CPU
		{725CCC45-ED09-B37B-26B7-5ABBE412674B}.Debug|Any CPU.ActiveCfg = Debug|Any CPU
		{725CCC45-ED09-B37B-26B7-5ABBE412674B}.Debug|Any CPU.Build.0 = Debug|Any CPU
		{725CCC45-ED09-B37B-26B7-5ABBE412674B}.Release|Any CPU.ActiveCfg = Release|Any CPU
		{725CCC45-ED09-B37B-26B7-5ABBE412674B}.Release|Any CPU.Build.0 = Release|Any CPU
		{AF6FD9B7-F104-CAC7-92A5-92176A11FD86}.Debug|Any CPU.ActiveCfg = Debug|Any CPU
		{AF6FD9B7-F104-CAC7-92A5-92176A11FD86}.Debug|Any CPU.Build.0 = Debug|Any CPU
		{AF6FD9B7-F104-CAC7-92A5-92176A11FD86}.Release|Any CPU.ActiveCfg = Release|Any CPU
		{AF6FD9B7-F104-CAC7-92A5-92176A11FD86}.Release|Any CPU.Build.0 = Release|Any CPU
		{F41D2742-F084-9DDB-B860-15E5722AC691}.Debug|Any CPU.ActiveCfg = Debug|Any CPU
		{F41D2742-F084-9DDB-B860-15E5722AC691}.Debug|Any CPU.Build.0 = Debug|Any CPU
		{F41D2742-F084-9DDB-B860-15E5722AC691}.Release|Any CPU.ActiveCfg = Release|Any CPU
		{F41D2742-F084-9DDB-B860-15E5722AC691}.Release|Any CPU.Build.0 = Release|Any CPU
		{5E5CC999-CDFD-288B-A8A1-BC40EF4119AF}.Debug|Any CPU.ActiveCfg = Debug|Any CPU
		{5E5CC999-CDFD-288B-A8A1-BC40EF4119AF}.Debug|Any CPU.Build.0 = Debug|Any CPU
		{5E5CC999-CDFD-288B-A8A1-BC40EF4119AF}.Release|Any CPU.ActiveCfg = Release|Any CPU
		{5E5CC999-CDFD-288B-A8A1-BC40EF4119AF}.Release|Any CPU.Build.0 = Release|Any CPU
		{168C7DEB-B9B6-900A-D40D-D23487D083F1}.Debug|Any CPU.ActiveCfg = Debug|Any CPU
		{168C7DEB-B9B6-900A-D40D-D23487D083F1}.Debug|Any CPU.Build.0 = Debug|Any CPU
		{168C7DEB-B9B6-900A-D40D-D23487D083F1}.Release|Any CPU.ActiveCfg = Release|Any CPU
		{168C7DEB-B9B6-900A-D40D-D23487D083F1}.Release|Any CPU.Build.0 = Release|Any CPU
		{DDA2EE4A-5EA5-60BC-A346-8FED920D378B}.Debug|Any CPU.ActiveCfg = Debug|Any CPU
		{DDA2EE4A-5EA5-60BC-A346-8FED920D378B}.Debug|Any CPU.Build.0 = Debug|Any CPU
		{DDA2EE4A-5EA5-60BC-A346-8FED920D378B}.Release|Any CPU.ActiveCfg = Release|Any CPU
		{DDA2EE4A-5EA5-60BC-A346-8FED920D378B}.Release|Any CPU.Build.0 = Release|Any CPU
		{86E31100-EFD5-8585-C53E-6C3739739800}.Debug|Any CPU.ActiveCfg = Debug|Any CPU
		{86E31100-EFD5-8585-C53E-6C3739739800}.Debug|Any CPU.Build.0 = Debug|Any CPU
		{86E31100-EFD5-8585-C53E-6C3739739800}.Release|Any CPU.ActiveCfg = Release|Any CPU
		{86E31100-EFD5-8585-C53E-6C3739739800}.Release|Any CPU.Build.0 = Release|Any CPU
		{509C7653-1A7E-E477-99F0-DA9129290EE7}.Debug|Any CPU.ActiveCfg = Debug|Any CPU
		{509C7653-1A7E-E477-99F0-DA9129290EE7}.Debug|Any CPU.Build.0 = Debug|Any CPU
		{509C7653-1A7E-E477-99F0-DA9129290EE7}.Release|Any CPU.ActiveCfg = Release|Any CPU
		{509C7653-1A7E-E477-99F0-DA9129290EE7}.Release|Any CPU.Build.0 = Release|Any CPU
		{569A7095-A248-7FBC-7BE6-8567A8804040}.Debug|Any CPU.ActiveCfg = Debug|Any CPU
		{569A7095-A248-7FBC-7BE6-8567A8804040}.Debug|Any CPU.Build.0 = Debug|Any CPU
		{569A7095-A248-7FBC-7BE6-8567A8804040}.Release|Any CPU.ActiveCfg = Release|Any CPU
		{569A7095-A248-7FBC-7BE6-8567A8804040}.Release|Any CPU.Build.0 = Release|Any CPU
		{7AC90B13-2D5E-7F0A-3EF6-DA16C227B9C5}.Debug|Any CPU.ActiveCfg = Debug|Any CPU
		{7AC90B13-2D5E-7F0A-3EF6-DA16C227B9C5}.Debug|Any CPU.Build.0 = Debug|Any CPU
		{7AC90B13-2D5E-7F0A-3EF6-DA16C227B9C5}.Release|Any CPU.ActiveCfg = Release|Any CPU
		{7AC90B13-2D5E-7F0A-3EF6-DA16C227B9C5}.Release|Any CPU.Build.0 = Release|Any CPU
		{2CD40038-FCD7-1048-177F-F433A1869CA1}.Debug|Any CPU.ActiveCfg = Debug|Any CPU
		{2CD40038-FCD7-1048-177F-F433A1869CA1}.Debug|Any CPU.Build.0 = Debug|Any CPU
		{2CD40038-FCD7-1048-177F-F433A1869CA1}.Release|Any CPU.ActiveCfg = Release|Any CPU
		{2CD40038-FCD7-1048-177F-F433A1869CA1}.Release|Any CPU.Build.0 = Release|Any CPU
		{D37956CC-2ADF-1D07-B2AB-085A918BA334}.Debug|Any CPU.ActiveCfg = Debug|Any CPU
		{D37956CC-2ADF-1D07-B2AB-085A918BA334}.Debug|Any CPU.Build.0 = Debug|Any CPU
		{D37956CC-2ADF-1D07-B2AB-085A918BA334}.Release|Any CPU.ActiveCfg = Release|Any CPU
		{D37956CC-2ADF-1D07-B2AB-085A918BA334}.Release|Any CPU.Build.0 = Release|Any CPU
		{80000AB3-F62F-8EF5-F83B-803EF033565D}.Debug|Any CPU.ActiveCfg = Debug|Any CPU
		{80000AB3-F62F-8EF5-F83B-803EF033565D}.Debug|Any CPU.Build.0 = Debug|Any CPU
		{80000AB3-F62F-8EF5-F83B-803EF033565D}.Release|Any CPU.ActiveCfg = Release|Any CPU
		{80000AB3-F62F-8EF5-F83B-803EF033565D}.Release|Any CPU.Build.0 = Release|Any CPU
		{BE635050-EF0D-CAEB-F3FD-18EAE5086825}.Debug|Any CPU.ActiveCfg = Debug|Any CPU
		{BE635050-EF0D-CAEB-F3FD-18EAE5086825}.Debug|Any CPU.Build.0 = Debug|Any CPU
		{BE635050-EF0D-CAEB-F3FD-18EAE5086825}.Release|Any CPU.ActiveCfg = Release|Any CPU
		{BE635050-EF0D-CAEB-F3FD-18EAE5086825}.Release|Any CPU.Build.0 = Release|Any CPU
		{284BFD4F-7868-34FD-D963-87A348D5F810}.Debug|Any CPU.ActiveCfg = Debug|Any CPU
		{284BFD4F-7868-34FD-D963-87A348D5F810}.Debug|Any CPU.Build.0 = Debug|Any CPU
		{284BFD4F-7868-34FD-D963-87A348D5F810}.Release|Any CPU.ActiveCfg = Release|Any CPU
		{284BFD4F-7868-34FD-D963-87A348D5F810}.Release|Any CPU.Build.0 = Release|Any CPU
		{037B84F7-0F70-FB9E-2E63-907B258A0EC4}.Debug|Any CPU.ActiveCfg = Debug|Any CPU
		{037B84F7-0F70-FB9E-2E63-907B258A0EC4}.Debug|Any CPU.Build.0 = Debug|Any CPU
		{037B84F7-0F70-FB9E-2E63-907B258A0EC4}.Release|Any CPU.ActiveCfg = Release|Any CPU
		{037B84F7-0F70-FB9E-2E63-907B258A0EC4}.Release|Any CPU.Build.0 = Release|Any CPU
		{4859CB0F-BB1E-EE40-E43C-A60D5650C81B}.Debug|Any CPU.ActiveCfg = Debug|Any CPU
		{4859CB0F-BB1E-EE40-E43C-A60D5650C81B}.Debug|Any CPU.Build.0 = Debug|Any CPU
		{4859CB0F-BB1E-EE40-E43C-A60D5650C81B}.Release|Any CPU.ActiveCfg = Release|Any CPU
		{4859CB0F-BB1E-EE40-E43C-A60D5650C81B}.Release|Any CPU.Build.0 = Release|Any CPU
		{77ECC83B-ACDC-D1ED-BE38-B2FBB4C6207F}.Debug|Any CPU.ActiveCfg = Debug|Any CPU
		{77ECC83B-ACDC-D1ED-BE38-B2FBB4C6207F}.Debug|Any CPU.Build.0 = Debug|Any CPU
		{77ECC83B-ACDC-D1ED-BE38-B2FBB4C6207F}.Release|Any CPU.ActiveCfg = Release|Any CPU
		{77ECC83B-ACDC-D1ED-BE38-B2FBB4C6207F}.Release|Any CPU.Build.0 = Release|Any CPU
		{6873C058-398A-25C8-0099-85B8D0845909}.Debug|Any CPU.ActiveCfg = Debug|Any CPU
		{6873C058-398A-25C8-0099-85B8D0845909}.Debug|Any CPU.Build.0 = Debug|Any CPU
		{6873C058-398A-25C8-0099-85B8D0845909}.Release|Any CPU.ActiveCfg = Release|Any CPU
		{6873C058-398A-25C8-0099-85B8D0845909}.Release|Any CPU.Build.0 = Release|Any CPU
		{1F017CCB-2C8D-D04E-6424-C79E6EE292E4}.Debug|Any CPU.ActiveCfg = Debug|Any CPU
		{1F017CCB-2C8D-D04E-6424-C79E6EE292E4}.Debug|Any CPU.Build.0 = Debug|Any CPU
		{1F017CCB-2C8D-D04E-6424-C79E6EE292E4}.Release|Any CPU.ActiveCfg = Release|Any CPU
		{1F017CCB-2C8D-D04E-6424-C79E6EE292E4}.Release|Any CPU.Build.0 = Release|Any CPU
		{D7D7CC88-E434-9CF9-4FAC-A440EAA71339}.Debug|Any CPU.ActiveCfg = Debug|Any CPU
		{D7D7CC88-E434-9CF9-4FAC-A440EAA71339}.Debug|Any CPU.Build.0 = Debug|Any CPU
		{D7D7CC88-E434-9CF9-4FAC-A440EAA71339}.Release|Any CPU.ActiveCfg = Release|Any CPU
		{D7D7CC88-E434-9CF9-4FAC-A440EAA71339}.Release|Any CPU.Build.0 = Release|Any CPU
		{7B6570D2-C466-DBD8-AF23-83E536E4D811}.Debug|Any CPU.ActiveCfg = Debug|Any CPU
		{7B6570D2-C466-DBD8-AF23-83E536E4D811}.Debug|Any CPU.Build.0 = Debug|Any CPU
		{7B6570D2-C466-DBD8-AF23-83E536E4D811}.Release|Any CPU.ActiveCfg = Release|Any CPU
		{7B6570D2-C466-DBD8-AF23-83E536E4D811}.Release|Any CPU.Build.0 = Release|Any CPU
		{24F2BE06-2A15-3DF5-4D09-44B15B23C83A}.Debug|Any CPU.ActiveCfg = Debug|Any CPU
		{24F2BE06-2A15-3DF5-4D09-44B15B23C83A}.Debug|Any CPU.Build.0 = Debug|Any CPU
		{24F2BE06-2A15-3DF5-4D09-44B15B23C83A}.Release|Any CPU.ActiveCfg = Release|Any CPU
		{24F2BE06-2A15-3DF5-4D09-44B15B23C83A}.Release|Any CPU.Build.0 = Release|Any CPU
		{A2EB721B-149E-76B4-5F5F-52988BB870CB}.Debug|Any CPU.ActiveCfg = Debug|Any CPU
		{A2EB721B-149E-76B4-5F5F-52988BB870CB}.Debug|Any CPU.Build.0 = Debug|Any CPU
		{A2EB721B-149E-76B4-5F5F-52988BB870CB}.Release|Any CPU.ActiveCfg = Release|Any CPU
		{A2EB721B-149E-76B4-5F5F-52988BB870CB}.Release|Any CPU.Build.0 = Release|Any CPU
		{75E90CC9-05A2-1008-80BF-C10ADA919019}.Debug|Any CPU.ActiveCfg = Debug|Any CPU
		{75E90CC9-05A2-1008-80BF-C10ADA919019}.Debug|Any CPU.Build.0 = Debug|Any CPU
		{75E90CC9-05A2-1008-80BF-C10ADA919019}.Release|Any CPU.ActiveCfg = Release|Any CPU
		{75E90CC9-05A2-1008-80BF-C10ADA919019}.Release|Any CPU.Build.0 = Release|Any CPU
	EndGlobalSection
	GlobalSection(SolutionProperties) = preSolution
		HideSolutionNode = FALSE
	EndGlobalSection
EndGlobal
